
Microsoft Visual Studio Solution File, Format Version 12.00
# Visual Studio 14
VisualStudioVersion = 14.0.25420.1
MinimumVisualStudioVersion = 10.0.40219.1
Project("{FAE04EC0-301F-11D3-BF4B-00C04F79EFBC}") = "SaveTheHumans", "SaveTheHumans\SaveTheHumans.csproj", "{ED37D7BA-4DE4-404D-B0DC-39D7E96FC609}"
EndProject
Project("{FAE04EC0-301F-11D3-BF4B-00C04F79EFBC}") = "BuildAnApp", "BuildAnApp\BuildAnApp.csproj", "{C6C4ED94-DCAD-46EC-A6AF-4C5C3EC8AF5E}"
EndProject
Project("{FAE04EC0-301F-11D3-BF4B-00C04F79EFBC}") = "FunWithIfElse", "FunWithIfElse\FunWithIfElse.csproj", "{1397003E-E520-490A-AE19-47690055A230}"
EndProject
Project("{FAE04EC0-301F-11D3-BF4B-00C04F79EFBC}") = "GoFishGame", "GoFish!\GoFishGame.csproj", "{29F73242-C413-4510-B59F-A42F0D906FE5}"
EndProject
Project("{FAE04EC0-301F-11D3-BF4B-00C04F79EFBC}") = "SloppyJoes", "SloppyJoes\SloppyJoes.csproj", "{22E24F29-83D7-4A1A-8864-258251598789}"
EndProject
Project("{FAE04EC0-301F-11D3-BF4B-00C04F79EFBC}") = "WPFandAsync", "WPFandAsync\WPFandAsync.csproj", "{8F86BBFA-7F45-4999-B2B0-CF51898C42ED}"
EndProject
Project("{FAE04EC0-301F-11D3-BF4B-00C04F79EFBC}") = "WPFGuySerializer", "WPFGuySerializer\WPFGuySerializer.csproj", "{D20F57D4-1C9C-4B3C-8877-A07A19B9220D}"
EndProject
Global
	GlobalSection(SolutionConfigurationPlatforms) = preSolution
		Debug|Any CPU = Debug|Any CPU
		Release|Any CPU = Release|Any CPU
	EndGlobalSection
	GlobalSection(ProjectConfigurationPlatforms) = postSolution
		{ED37D7BA-4DE4-404D-B0DC-39D7E96FC609}.Debug|Any CPU.ActiveCfg = Debug|Any CPU
		{ED37D7BA-4DE4-404D-B0DC-39D7E96FC609}.Debug|Any CPU.Build.0 = Debug|Any CPU
		{ED37D7BA-4DE4-404D-B0DC-39D7E96FC609}.Release|Any CPU.ActiveCfg = Release|Any CPU
		{ED37D7BA-4DE4-404D-B0DC-39D7E96FC609}.Release|Any CPU.Build.0 = Release|Any CPU
		{C6C4ED94-DCAD-46EC-A6AF-4C5C3EC8AF5E}.Debug|Any CPU.ActiveCfg = Debug|Any CPU
		{C6C4ED94-DCAD-46EC-A6AF-4C5C3EC8AF5E}.Debug|Any CPU.Build.0 = Debug|Any CPU
		{C6C4ED94-DCAD-46EC-A6AF-4C5C3EC8AF5E}.Release|Any CPU.ActiveCfg = Release|Any CPU
		{C6C4ED94-DCAD-46EC-A6AF-4C5C3EC8AF5E}.Release|Any CPU.Build.0 = Release|Any CPU
		{1397003E-E520-490A-AE19-47690055A230}.Debug|Any CPU.ActiveCfg = Debug|Any CPU
		{1397003E-E520-490A-AE19-47690055A230}.Debug|Any CPU.Build.0 = Debug|Any CPU
		{1397003E-E520-490A-AE19-47690055A230}.Release|Any CPU.ActiveCfg = Release|Any CPU
		{1397003E-E520-490A-AE19-47690055A230}.Release|Any CPU.Build.0 = Release|Any CPU
		{29F73242-C413-4510-B59F-A42F0D906FE5}.Debug|Any CPU.ActiveCfg = Debug|Any CPU
		{29F73242-C413-4510-B59F-A42F0D906FE5}.Debug|Any CPU.Build.0 = Debug|Any CPU
		{29F73242-C413-4510-B59F-A42F0D906FE5}.Release|Any CPU.ActiveCfg = Release|Any CPU
		{29F73242-C413-4510-B59F-A42F0D906FE5}.Release|Any CPU.Build.0 = Release|Any CPU
		{22E24F29-83D7-4A1A-8864-258251598789}.Debug|Any CPU.ActiveCfg = Debug|Any CPU
		{22E24F29-83D7-4A1A-8864-258251598789}.Debug|Any CPU.Build.0 = Debug|Any CPU
		{22E24F29-83D7-4A1A-8864-258251598789}.Release|Any CPU.ActiveCfg = Release|Any CPU
		{22E24F29-83D7-4A1A-8864-258251598789}.Release|Any CPU.Build.0 = Release|Any CPU
		{8F86BBFA-7F45-4999-B2B0-CF51898C42ED}.Debug|Any CPU.ActiveCfg = Debug|Any CPU
		{8F86BBFA-7F45-4999-B2B0-CF51898C42ED}.Debug|Any CPU.Build.0 = Debug|Any CPU
		{8F86BBFA-7F45-4999-B2B0-CF51898C42ED}.Release|Any CPU.ActiveCfg = Release|Any CPU
		{8F86BBFA-7F45-4999-B2B0-CF51898C42ED}.Release|Any CPU.Build.0 = Release|Any CPU
		{D20F57D4-1C9C-4B3C-8877-A07A19B9220D}.Debug|Any CPU.ActiveCfg = Debug|Any CPU
		{D20F57D4-1C9C-4B3C-8877-A07A19B9220D}.Debug|Any CPU.Build.0 = Debug|Any CPU
		{D20F57D4-1C9C-4B3C-8877-A07A19B9220D}.Release|Any CPU.ActiveCfg = Release|Any CPU
		{D20F57D4-1C9C-4B3C-8877-A07A19B9220D}.Release|Any CPU.Build.0 = Release|Any CPU
	EndGlobalSection
	GlobalSection(SolutionProperties) = preSolution
		HideSolutionNode = FALSE
	EndGlobalSection
EndGlobal
